
Microsoft Visual Studio Solution File, Format Version 12.00
# Visual Studio Version 17
VisualStudioVersion = 17.10.35122.118
MinimumVisualStudioVersion = 10.0.40219.1
Project("{FAE04EC0-301F-11D3-BF4B-00C04F79EFBC}") = "ActiveDirectoryMaxLoginPOC", "ActiveDirectoryMaxLoginPOC.csproj", "{3E3C72DC-3312-4FBF-A13B-6C2DA3B871F8}"
EndProject
Global
	GlobalSection(SolutionConfigurationPlatforms) = preSolution
		Debug|Any CPU = Debug|Any CPU
		Release|Any CPU = Release|Any CPU
	EndGlobalSection
	GlobalSection(ProjectConfigurationPlatforms) = postSolution
		{3E3C72DC-3312-4FBF-A13B-6C2DA3B871F8}.Debug|Any CPU.ActiveCfg = Debug|Any CPU
		{3E3C72DC-3312-4FBF-A13B-6C2DA3B871F8}.Debug|Any CPU.Build.0 = Debug|Any CPU
		{3E3C72DC-3312-4FBF-A13B-6C2DA3B871F8}.Release|Any CPU.ActiveCfg = Release|Any CPU
		{3E3C72DC-3312-4FBF-A13B-6C2DA3B871F8}.Release|Any CPU.Build.0 = Release|Any CPU
	EndGlobalSection
	GlobalSection(SolutionProperties) = preSolution
		HideSolutionNode = FALSE
	EndGlobalSection
	GlobalSection(ExtensibilityGlobals) = postSolution
		SolutionGuid = {7AB1B934-D4FC-408E-A9A2-BEEF5C3BF3D9}
	EndGlobalSection
EndGlobal
